
Microsoft Visual Studio Solution File, Format Version 12.00
Project("{FAE04EC0-301F-11D3-BF4B-00C04F79EFBC}") = "SteamDedicatedServerManager", "SteamDedicatedServerManager\SteamDedicatedServerManager.csproj", "{F9D7F09F-1BCC-4451-A5F8-8F6511839F62}"
EndProject
Global
	GlobalSection(SolutionConfigurationPlatforms) = preSolution
		Debug|Any CPU = Debug|Any CPU
		Release|Any CPU = Release|Any CPU
	EndGlobalSection
	GlobalSection(ProjectConfigurationPlatforms) = postSolution
		{F9D7F09F-1BCC-4451-A5F8-8F6511839F62}.Debug|Any CPU.ActiveCfg = Debug|Any CPU
		{F9D7F09F-1BCC-4451-A5F8-8F6511839F62}.Debug|Any CPU.Build.0 = Debug|Any CPU
		{F9D7F09F-1BCC-4451-A5F8-8F6511839F62}.Release|Any CPU.ActiveCfg = Release|Any CPU
		{F9D7F09F-1BCC-4451-A5F8-8F6511839F62}.Release|Any CPU.Build.0 = Release|Any CPU
	EndGlobalSection
EndGlobal
